{
  "requires": true,
  "lockfileVersion": 1,
  "dependencies": {
    "dateformat": {
      "version": "3.0.2",
      "resolved": "https://registry.npmjs.org/dateformat/-/dateformat-3.0.2.tgz",
      "integrity": "sha1-mk30v/FYrC80vGN6vbFUcWB+Flk="
    },
    "exenv": {
      "version": "1.2.2",
      "resolved": "https://registry.npmjs.org/exenv/-/exenv-1.2.2.tgz",
      "integrity": "sha1-KueOhdmJQVhnCwPUe+wfA72Ru50="
    },
    "react-body-backgroundcolor": {
      "version": "1.0.1",
      "resolved": "https://registry.npmjs.org/react-body-backgroundcolor/-/react-body-backgroundcolor-1.0.1.tgz",
      "integrity": "sha1-5JIDPyvuy2m+6uNzSgNg1TJzr2E=",
      "requires": {
        "react-side-effect": "1.1.3"
      }
    },
    "react-side-effect": {
      "version": "1.1.3",
      "resolved": "https://registry.npmjs.org/react-side-effect/-/react-side-effect-1.1.3.tgz",
      "integrity": "sha1-USwlq+DewXKDTEAB7FxR4E1BvFw=",
      "requires": {
        "exenv": "1.2.2",
        "shallowequal": "1.0.2"
      }
    },
    "shallowequal": {
      "version": "1.0.2",
      "resolved": "https://registry.npmjs.org/shallowequal/-/shallowequal-1.0.2.tgz",
      "integrity": "sha512-zlVXeVUKvo+HEv1e2KQF/csyeMKx2oHvatQ9l6XjCUj3agvC8XGf6R9HvIPDSmp8FNPvx7b5kaEJTRi7CqxtEw=="
    }
  }
}
